// !$*UTF8*$!
{
	archiveVersion = 1;
	classes = {
	};
	objectVersion = 56;
	objects = {

/* Begin PBXBuildFile section */
		CB47AFF729275D81001F2BA0 /* ViewDidLoad_SwiftUIApp.swift in Sources */ = {isa = PBXBuildFile; fileRef = CB47AFF629275D81001F2BA0 /* ViewDidLoad_SwiftUIApp.swift */; };
		CB47AFF929275D81001F2BA0 /* ContentView.swift in Sources */ = {isa = PBXBuildFile; fileRef = CB47AFF829275D81001F2BA0 /* ContentView.swift */; };
		CB47AFFB29275D82001F2BA0 /* Assets.xcassets in Resources */ = {isa = PBXBuildFile; fileRef = CB47AFFA29275D82001F2BA0 /* Assets.xcassets */; };
		CB47AFFE29275D82001F2BA0 /* Preview Assets.xcassets in Resources */ = {isa = PBXBuildFile; fileRef = CB47AFFD29275D82001F2BA0 /* Preview Assets.xcassets */; };
		CB47B00829275D82001F2BA0 /* ViewDidLoad_SwiftUITests.swift in Sources */ = {isa = PBXBuildFile; fileRef = CB47B00729275D82001F2BA0 /* ViewDidLoad_SwiftUITests.swift */; };
		CB47B01229275D82001F2BA0 /* ViewDidLoad_SwiftUIUITests.swift in Sources */ = {isa = PBXBuildFile; fileRef = CB47B01129275D82001F2BA0 /* ViewDidLoad_SwiftUIUITests.swift */; };
		CB47B01429275D82001F2BA0 /* ViewDidLoad_SwiftUIUITestsLaunchTests.swift in Sources */ = {isa = PBXBuildFile; fileRef = CB47B01329275D82001F2BA0 /* ViewDidLoad_SwiftUIUITestsLaunchTests.swift */; };
		CB47B02229275E0D001F2BA0 /* ViewDidLoadModifier.swift in Sources */ = {isa = PBXBuildFile; fileRef = CB47B02129275E0D001F2BA0 /* ViewDidLoadModifier.swift */; };
		CB47B02629275E9F001F2BA0 /* Ex+View.swift in Sources */ = {isa = PBXBuildFile; fileRef = CB47B02529275E9F001F2BA0 /* Ex+View.swift */; };
/* End PBXBuildFile section */

/* Begin PBXContainerItemProxy section */
		CB47B00429275D82001F2BA0 /* PBXContainerItemProxy */ = {
			isa = PBXContainerItemProxy;
			containerPortal = CB47AFEB29275D81001F2BA0 /* Project object */;
			proxyType = 1;
			remoteGlobalIDString = CB47AFF229275D81001F2BA0;
			remoteInfo = "ViewDidLoad-SwiftUI";
		};
		CB47B00E29275D82001F2BA0 /* PBXContainerItemProxy */ = {
			isa = PBXContainerItemProxy;
			containerPortal = CB47AFEB29275D81001F2BA0 /* Project object */;
			proxyType = 1;
			remoteGlobalIDString = CB47AFF229275D81001F2BA0;
			remoteInfo = "ViewDidLoad-SwiftUI";
		};
/* End PBXContainerItemProxy section */

/* Begin PBXFileReference section */
		CB47AFF329275D81001F2BA0 /* ViewDidLoad-SwiftUI.app */ = {isa = PBXFileReference; explicitFileType = wrapper.application; includeInIndex = 0; path = "ViewDidLoad-SwiftUI.app"; sourceTree = BUILT_PRODUCTS_DIR; };
		CB47AFF629275D81001F2BA0 /* ViewDidLoad_SwiftUIApp.swift */ = {isa = PBXFileReference; lastKnownFileType = sourcecode.swift; path = ViewDidLoad_SwiftUIApp.swift; sourceTree = "<group>"; };
		CB47AFF829275D81001F2BA0 /* ContentView.swift */ = {isa = PBXFileReference; lastKnownFileType = sourcecode.swift; path = ContentView.swift; sourceTree = "<group>"; };
		CB47AFFA29275D82001F2BA0 /* Assets.xcassets */ = {isa = PBXFileReference; lastKnownFileType = folder.assetcatalog; path = Assets.xcassets; sourceTree = "<group>"; };
		CB47AFFD29275D82001F2BA0 /* Preview Assets.xcassets */ = {isa = PBXFileReference; lastKnownFileType = folder.assetcatalog; path = "Preview Assets.xcassets"; sourceTree = "<group>"; };
		CB47B00329275D82001F2BA0 /* ViewDidLoad-SwiftUITests.xctest */ = {isa = PBXFileReference; explicitFileType = wrapper.cfbundle; includeInIndex = 0; path = "ViewDidLoad-SwiftUITests.xctest"; sourceTree = BUILT_PRODUCTS_DIR; };
		CB47B00729275D82001F2BA0 /* ViewDidLoad_SwiftUITests.swift */ = {isa = PBXFileReference; lastKnownFileType = sourcecode.swift; path = ViewDidLoad_SwiftUITests.swift; sourceTree = "<group>"; };
		CB47B00D29275D82001F2BA0 /* ViewDidLoad-SwiftUIUITests.xctest */ = {isa = PBXFileReference; explicitFileType = wrapper.cfbundle; includeInIndex = 0; path = "ViewDidLoad-SwiftUIUITests.xctest"; sourceTree = BUILT_PRODUCTS_DIR; };
		CB47B01129275D82001F2BA0 /* ViewDidLoad_SwiftUIUITests.swift */ = {isa = PBXFileReference; lastKnownFileType = sourcecode.swift; path = ViewDidLoad_SwiftUIUITests.swift; sourceTree = "<group>"; };
		CB47B01329275D82001F2BA0 /* ViewDidLoad_SwiftUIUITestsLaunchTests.swift */ = {isa = PBXFileReference; lastKnownFileType = sourcecode.swift; path = ViewDidLoad_SwiftUIUITestsLaunchTests.swift; sourceTree = "<group>"; };
		CB47B02129275E0D001F2BA0 /* ViewDidLoadModifier.swift */ = {isa = PBXFileReference; lastKnownFileType = sourcecode.swift; path = ViewDidLoadModifier.swift; sourceTree = "<group>"; };
		CB47B02529275E9F001F2BA0 /* Ex+View.swift */ = {isa = PBXFileReference; lastKnownFileType = sourcecode.swift; path = "Ex+View.swift"; sourceTree = "<group>"; };
/* End PBXFileReference section */

/* Begin PBXFrameworksBuildPhase section */
		CB47AFF029275D81001F2BA0 /* Frameworks */ = {
			isa = PBXFrameworksBuildPhase;
			buildActionMask = 2147483647;
			files = (
			);
			runOnlyForDeploymentPostprocessing = 0;
		};
		CB47B00029275D82001F2BA0 /* Frameworks */ = {
			isa = PBXFrameworksBuildPhase;
			buildActionMask = 2147483647;
			files = (
			);
			runOnlyForDeploymentPostprocessing = 0;
		};
		CB47B00A29275D82001F2BA0 /* Frameworks */ = {
			isa = PBXFrameworksBuildPhase;
			buildActionMask = 2147483647;
			files = (
			);
			runOnlyForDeploymentPostprocessing = 0;
		};
/* End PBXFrameworksBuildPhase section */

/* Begin PBXGroup section */
		CB47AFEA29275D81001F2BA0 = {
			isa = PBXGroup;
			children = (
				CB47AFF529275D81001F2BA0 /* ViewDidLoad-SwiftUI */,
				CB47B00629275D82001F2BA0 /* ViewDidLoad-SwiftUITests */,
				CB47B01029275D82001F2BA0 /* ViewDidLoad-SwiftUIUITests */,
				CB47AFF429275D81001F2BA0 /* Products */,
			);
			sourceTree = "<group>";
		};
		CB47AFF429275D81001F2BA0 /* Products */ = {
			isa = PBXGroup;
			children = (
				CB47AFF329275D81001F2BA0 /* ViewDidLoad-SwiftUI.app */,
				CB47B00329275D82001F2BA0 /* ViewDidLoad-SwiftUITests.xctest */,
				CB47B00D29275D82001F2BA0 /* ViewDidLoad-SwiftUIUITests.xctest */,
			);
			name = Products;
			sourceTree = "<group>";
		};
		CB47AFF529275D81001F2BA0 /* ViewDidLoad-SwiftUI */ = {
			isa = PBXGroup;
			children = (
				CB47B02429275E29001F2BA0 /* App */,
				CB47B02029275DFA001F2BA0 /* Utility */,
				CB47B02329275E19001F2BA0 /* Screens */,
				CB47AFFA29275D82001F2BA0 /* Assets.xcassets */,
				CB47AFFC29275D82001F2BA0 /* Preview Content */,
			);
			path = "ViewDidLoad-SwiftUI";
			sourceTree = "<group>";
		};
		CB47AFFC29275D82001F2BA0 /* Preview Content */ = {
			isa = PBXGroup;
			children = (
				CB47AFFD29275D82001F2BA0 /* Preview Assets.xcassets */,
			);
			path = "Preview Content";
			sourceTree = "<group>";
		};
		CB47B00629275D82001F2BA0 /* ViewDidLoad-SwiftUITests */ = {
			isa = PBXGroup;
			children = (
				CB47B00729275D82001F2BA0 /* ViewDidLoad_SwiftUITests.swift */,
			);
			path = "ViewDidLoad-SwiftUITests";
			sourceTree = "<group>";
		};
		CB47B01029275D82001F2BA0 /* ViewDidLoad-SwiftUIUITests */ = {
			isa = PBXGroup;
			children = (
				CB47B01129275D82001F2BA0 /* ViewDidLoad_SwiftUIUITests.swift */,
				CB47B01329275D82001F2BA0 /* ViewDidLoad_SwiftUIUITestsLaunchTests.swift */,
			);
			path = "ViewDidLoad-SwiftUIUITests";
			sourceTree = "<group>";
		};
		CB47B02029275DFA001F2BA0 /* Utility */ = {
			isa = PBXGroup;
			children = (
				CB47B02129275E0D001F2BA0 /* ViewDidLoadModifier.swift */,
				CB47B02529275E9F001F2BA0 /* Ex+View.swift */,
			);
			path = Utility;
			sourceTree = "<group>";
		};
		CB47B02329275E19001F2BA0 /* Screens */ = {
			isa = PBXGroup;
			children = (
				CB47AFF829275D81001F2BA0 /* ContentView.swift */,
			);
			path = Screens;
			sourceTree = "<group>";
		};
		CB47B02429275E29001F2BA0 /* App */ = {
			isa = PBXGroup;
			children = (
				CB47AFF629275D81001F2BA0 /* ViewDidLoad_SwiftUIApp.swift */,
			);
			path = App;
			sourceTree = "<group>";
		};
/* End PBXGroup section */

/* Begin PBXNativeTarget section */
		CB47AFF229275D81001F2BA0 /* ViewDidLoad-SwiftUI */ = {
			isa = PBXNativeTarget;
			buildConfigurationList = CB47B01729275D82001F2BA0 /* Build configuration list for PBXNativeTarget "ViewDidLoad-SwiftUI" */;
			buildPhases = (
				CB47AFEF29275D81001F2BA0 /* Sources */,
				CB47AFF029275D81001F2BA0 /* Frameworks */,
				CB47AFF129275D81001F2BA0 /* Resources */,
			);
			buildRules = (
			);
			dependencies = (
			);
			name = "ViewDidLoad-SwiftUI";
			productName = "ViewDidLoad-SwiftUI";
			productReference = CB47AFF329275D81001F2BA0 /* ViewDidLoad-SwiftUI.app */;
			productType = "com.apple.product-type.application";
		};
		CB47B00229275D82001F2BA0 /* ViewDidLoad-SwiftUITests */ = {
			isa = PBXNativeTarget;
			buildConfigurationList = CB47B01A29275D82001F2BA0 /* Build configuration list for PBXNativeTarget "ViewDidLoad-SwiftUITests" */;
			buildPhases = (
				CB47AFFF29275D82001F2BA0 /* Sources */,
				CB47B00029275D82001F2BA0 /* Frameworks */,
				CB47B00129275D82001F2BA0 /* Resources */,
			);
			buildRules = (
			);
			dependencies = (
				CB47B00529275D82001F2BA0 /* PBXTargetDependency */,
			);
			name = "ViewDidLoad-SwiftUITests";
			productName = "ViewDidLoad-SwiftUITests";
			productReference = CB47B00329275D82001F2BA0 /* ViewDidLoad-SwiftUITests.xctest */;
			productType = "com.apple.product-type.bundle.unit-test";
		};
		CB47B00C29275D82001F2BA0 /* ViewDidLoad-SwiftUIUITests */ = {
			isa = PBXNativeTarget;
			buildConfigurationList = CB47B01D29275D82001F2BA0 /* Build configuration list for PBXNativeTarget "ViewDidLoad-SwiftUIUITests" */;
			buildPhases = (
				CB47B00929275D82001F2BA0 /* Sources */,
				CB47B00A29275D82001F2BA0 /* Frameworks */,
				CB47B00B29275D82001F2BA0 /* Resources */,
			);
			buildRules = (
			);
			dependencies = (
				CB47B00F29275D82001F2BA0 /* PBXTargetDependency */,
			);
			name = "ViewDidLoad-SwiftUIUITests";
			productName = "ViewDidLoad-SwiftUIUITests";
			productReference = CB47B00D29275D82001F2BA0 /* ViewDidLoad-SwiftUIUITests.xctest */;
			productType = "com.apple.product-type.bundle.ui-testing";
		};
/* End PBXNativeTarget section */

/* Begin PBXProject section */
		CB47AFEB29275D81001F2BA0 /* Project object */ = {
			isa = PBXProject;
			attributes = {
				BuildIndependentTargetsInParallel = 1;
				LastSwiftUpdateCheck = 1410;
				LastUpgradeCheck = 1410;
				TargetAttributes = {
					CB47AFF229275D81001F2BA0 = {
						CreatedOnToolsVersion = 14.1;
					};
					CB47B00229275D82001F2BA0 = {
						CreatedOnToolsVersion = 14.1;
						TestTargetID = CB47AFF229275D81001F2BA0;
					};
					CB47B00C29275D82001F2BA0 = {
						CreatedOnToolsVersion = 14.1;
						TestTargetID = CB47AFF229275D81001F2BA0;
					};
				};
			};
			buildConfigurationList = CB47AFEE29275D81001F2BA0 /* Build configuration list for PBXProject "ViewDidLoad-SwiftUI" */;
			compatibilityVersion = "Xcode 14.0";
			developmentRegion = en;
			hasScannedForEncodings = 0;
			knownRegions = (
				en,
				Base,
			);
			mainGroup = CB47AFEA29275D81001F2BA0;
			productRefGroup = CB47AFF429275D81001F2BA0 /* Products */;
			projectDirPath = "";
			projectRoot = "";
			targets = (
				CB47AFF229275D81001F2BA0 /* ViewDidLoad-SwiftUI */,
				CB47B00229275D82001F2BA0 /* ViewDidLoad-SwiftUITests */,
				CB47B00C29275D82001F2BA0 /* ViewDidLoad-SwiftUIUITests */,
			);
		};
/* End PBXProject section */

/* Begin PBXResourcesBuildPhase section */
		CB47AFF129275D81001F2BA0 /* Resources */ = {
			isa = PBXResourcesBuildPhase;
			buildActionMask = 2147483647;
			files = (
				CB47AFFE29275D82001F2BA0 /* Preview Assets.xcassets in Resources */,
				CB47AFFB29275D82001F2BA0 /* Assets.xcassets in Resources */,
			);
			runOnlyForDeploymentPostprocessing = 0;
		};
		CB47B00129275D82001F2BA0 /* Resources */ = {
			isa = PBXResourcesBuildPhase;
			buildActionMask = 2147483647;
			files = (
			);
			runOnlyForDeploymentPostprocessing = 0;
		};
		CB47B00B29275D82001F2BA0 /* Resources */ = {
			isa = PBXResourcesBuildPhase;
			buildActionMask = 2147483647;
			files = (
			);
			runOnlyForDeploymentPostprocessing = 0;
		};
/* End PBXResourcesBuildPhase section */

/* Begin PBXSourcesBuildPhase section */
		CB47AFEF29275D81001F2BA0 /* Sources */ = {
			isa = PBXSourcesBuildPhase;
			buildActionMask = 2147483647;
			files = (
				CB47B02229275E0D001F2BA0 /* ViewDidLoadModifier.swift in Sources */,
				CB47AFF929275D81001F2BA0 /* ContentView.swift in Sources */,
				CB47AFF729275D81001F2BA0 /* ViewDidLoad_SwiftUIApp.swift in Sources */,
				CB47B02629275E9F001F2BA0 /* Ex+View.swift in Sources */,
			);
			runOnlyForDeploymentPostprocessing = 0;
		};
		CB47AFFF29275D82001F2BA0 /* Sources */ = {
			isa = PBXSourcesBuildPhase;
			buildActionMask = 2147483647;
			files = (
				CB47B00829275D82001F2BA0 /* ViewDidLoad_SwiftUITests.swift in Sources */,
			);
			runOnlyForDeploymentPostprocessing = 0;
		};
		CB47B00929275D82001F2BA0 /* Sources */ = {
			isa = PBXSourcesBuildPhase;
			buildActionMask = 2147483647;
			files = (
				CB47B01229275D82001F2BA0 /* ViewDidLoad_SwiftUIUITests.swift in Sources */,
				CB47B01429275D82001F2BA0 /* ViewDidLoad_SwiftUIUITestsLaunchTests.swift in Sources */,
			);
			runOnlyForDeploymentPostprocessing = 0;
		};
/* End PBXSourcesBuildPhase section */

/* Begin PBXTargetDependency section */
		CB47B00529275D82001F2BA0 /* PBXTargetDependency */ = {
			isa = PBXTargetDependency;
			target = CB47AFF229275D81001F2BA0 /* ViewDidLoad-SwiftUI */;
			targetProxy = CB47B00429275D82001F2BA0 /* PBXContainerItemProxy */;
		};
		CB47B00F29275D82001F2BA0 /* PBXTargetDependency */ = {
			isa = PBXTargetDependency;
			target = CB47AFF229275D81001F2BA0 /* ViewDidLoad-SwiftUI */;
			targetProxy = CB47B00E29275D82001F2BA0 /* PBXContainerItemProxy */;
		};
/* End PBXTargetDependency section */

/* Begin XCBuildConfiguration section */
		CB47B01529275D82001F2BA0 /* Debug */ = {
			isa = XCBuildConfiguration;
			buildSettings = {
				ALWAYS_SEARCH_USER_PATHS = NO;
				CLANG_ANALYZER_NONNULL = YES;
				CLANG_ANALYZER_NUMBER_OBJECT_CONVERSION = YES_AGGRESSIVE;
				CLANG_CXX_LANGUAGE_STANDARD = "gnu++20";
				CLANG_ENABLE_MODULES = YES;
				CLANG_ENABLE_OBJC_ARC = YES;
				CLANG_ENABLE_OBJC_WEAK = YES;
				CLANG_WARN_BLOCK_CAPTURE_AUTORELEASING = YES;
				CLANG_WARN_BOOL_CONVERSION = YES;
				CLANG_WARN_COMMA = YES;
				CLANG_WARN_CONSTANT_CONVERSION = YES;
				CLANG_WARN_DEPRECATED_OBJC_IMPLEMENTATIONS = YES;
				CLANG_WARN_DIRECT_OBJC_ISA_USAGE = YES_ERROR;
				CLANG_WARN_DOCUMENTATION_COMMENTS = YES;
				CLANG_WARN_EMPTY_BODY = YES;
				CLANG_WARN_ENUM_CONVERSION = YES;
				CLANG_WARN_INFINITE_RECURSION = YES;
				CLANG_WARN_INT_CONVERSION = YES;
				CLANG_WARN_NON_LITERAL_NULL_CONVERSION = YES;
				CLANG_WARN_OBJC_IMPLICIT_RETAIN_SELF = YES;
				CLANG_WARN_OBJC_LITERAL_CONVERSION = YES;
				CLANG_WARN_OBJC_ROOT_CLASS = YES_ERROR;
				CLANG_WARN_QUOTED_INCLUDE_IN_FRAMEWORK_HEADER = YES;
				CLANG_WARN_RANGE_LOOP_ANALYSIS = YES;
				CLANG_WARN_STRICT_PROTOTYPES = YES;
				CLANG_WARN_SUSPICIOUS_MOVE = YES;
				CLANG_WARN_UNGUARDED_AVAILABILITY = YES_AGGRESSIVE;
				CLANG_WARN_UNREACHABLE_CODE = YES;
				CLANG_WARN__DUPLICATE_METHOD_MATCH = YES;
				COPY_PHASE_STRIP = NO;
				DEBUG_INFORMATION_FORMAT = dwarf;
				ENABLE_STRICT_OBJC_MSGSEND = YES;
				ENABLE_TESTABILITY = YES;
				GCC_C_LANGUAGE_STANDARD = gnu11;
				GCC_DYNAMIC_NO_PIC = NO;
				GCC_NO_COMMON_BLOCKS = YES;
				GCC_OPTIMIZATION_LEVEL = 0;
				GCC_PREPROCESSOR_DEFINITIONS = (
					"DEBUG=1",
					"$(inherited)",
				);
				GCC_WARN_64_TO_32_BIT_CONVERSION = YES;
				GCC_WARN_ABOUT_RETURN_TYPE = YES_ERROR;
				GCC_WARN_UNDECLARED_SELECTOR = YES;
				GCC_WARN_UNINITIALIZED_AUTOS = YES_AGGRESSIVE;
				GCC_WARN_UNUSED_FUNCTION = YES;
				GCC_WARN_UNUSED_VARIABLE = YES;
				IPHONEOS_DEPLOYMENT_TARGET = 16.1;
				MTL_ENABLE_DEBUG_INFO = INCLUDE_SOURCE;
				MTL_FAST_MATH = YES;
				ONLY_ACTIVE_ARCH = YES;
				SDKROOT = iphoneos;
				SWIFT_ACTIVE_COMPILATION_CONDITIONS = DEBUG;
				SWIFT_OPTIMIZATION_LEVEL = "-Onone";
			};
			name = Debug;
		};
		CB47B01629275D82001F2BA0 /* Release */ = {
			isa = XCBuildConfiguration;
			buildSettings = {
				ALWAYS_SEARCH_USER_PATHS = NO;
				CLANG_ANALYZER_NONNULL = YES;
				CLANG_ANALYZER_NUMBER_OBJECT_CONVERSION = YES_AGGRESSIVE;
				CLANG_CXX_LANGUAGE_STANDARD = "gnu++20";
				CLANG_ENABLE_MODULES = YES;
				CLANG_ENABLE_OBJC_ARC = YES;
				CLANG_ENABLE_OBJC_WEAK = YES;
				CLANG_WARN_BLOCK_CAPTURE_AUTORELEASING = YES;
				CLANG_WARN_BOOL_CONVERSION = YES;
				CLANG_WARN_COMMA = YES;
				CLANG_WARN_CONSTANT_CONVERSION = YES;
				CLANG_WARN_DEPRECATED_OBJC_IMPLEMENTATIONS = YES;
				CLANG_WARN_DIRECT_OBJC_ISA_USAGE = YES_ERROR;
				CLANG_WARN_DOCUMENTATION_COMMENTS = YES;
				CLANG_WARN_EMPTY_BODY = YES;
				CLANG_WARN_ENUM_CONVERSION = YES;
				CLANG_WARN_INFINITE_RECURSION = YES;
				CLANG_WARN_INT_CONVERSION = YES;
				CLANG_WARN_NON_LITERAL_NULL_CONVERSION = YES;
				CLANG_WARN_OBJC_IMPLICIT_RETAIN_SELF = YES;
				CLANG_WARN_OBJC_LITERAL_CONVERSION = YES;
				CLANG_WARN_OBJC_ROOT_CLASS = YES_ERROR;
				CLANG_WARN_QUOTED_INCLUDE_IN_FRAMEWORK_HEADER = YES;
				CLANG_WARN_RANGE_LOOP_ANALYSIS = YES;
				CLANG_WARN_STRICT_PROTOTYPES = YES;
				CLANG_WARN_SUSPICIOUS_MOVE = YES;
				CLANG_WARN_UNGUARDED_AVAILABILITY = YES_AGGRESSIVE;
				CLANG_WARN_UNREACHABLE_CODE = YES;
				CLANG_WARN__DUPLICATE_METHOD_MATCH = YES;
				COPY_PHASE_STRIP = NO;
				DEBUG_INFORMATION_FORMAT = "dwarf-with-dsym";
				ENABLE_NS_ASSERTIONS = NO;
				ENABLE_STRICT_OBJC_MSGSEND = YES;
				GCC_C_LANGUAGE_STANDARD = gnu11;
				GCC_NO_COMMON_BLOCKS = YES;
				GCC_WARN_64_TO_32_BIT_CONVERSION = YES;
				GCC_WARN_ABOUT_RETURN_TYPE = YES_ERROR;
				GCC_WARN_UNDECLARED_SELECTOR = YES;
				GCC_WARN_UNINITIALIZED_AUTOS = YES_AGGRESSIVE;
				GCC_WARN_UNUSED_FUNCTION = YES;
				GCC_WARN_UNUSED_VARIABLE = YES;
				IPHONEOS_DEPLOYMENT_TARGET = 16.1;
				MTL_ENABLE_DEBUG_INFO = NO;
				MTL_FAST_MATH = YES;
				SDKROOT = iphoneos;
				SWIFT_COMPILATION_MODE = wholemodule;
				SWIFT_OPTIMIZATION_LEVEL = "-O";
				VALIDATE_PRODUCT = YES;
			};
			name = Release;
		};
		CB47B01829275D82001F2BA0 /* Debug */ = {
			isa = XCBuildConfiguration;
			buildSettings = {
				ASSETCATALOG_COMPILER_APPICON_NAME = AppIcon;
				ASSETCATALOG_COMPILER_GLOBAL_ACCENT_COLOR_NAME = AccentColor;
				CODE_SIGN_STYLE = Automatic;
				CURRENT_PROJECT_VERSION = 1;
				DEVELOPMENT_ASSET_PATHS = "\"ViewDidLoad-SwiftUI/Preview Content\"";
				DEVELOPMENT_TEAM = Y3RYSU9BGS;
				ENABLE_PREVIEWS = YES;
				GENERATE_INFOPLIST_FILE = YES;
				INFOPLIST_KEY_UIApplicationSceneManifest_Generation = YES;
				INFOPLIST_KEY_UIApplicationSupportsIndirectInputEvents = YES;
				INFOPLIST_KEY_UILaunchScreen_Generation = YES;
				INFOPLIST_KEY_UISupportedInterfaceOrientations_iPad = "UIInterfaceOrientationPortrait UIInterfaceOrientationPortraitUpsideDown UIInterfaceOrientationLandscapeLeft UIInterfaceOrientationLandscapeRight";
				INFOPLIST_KEY_UISupportedInterfaceOrientations_iPhone = "UIInterfaceOrientationPortrait UIInterfaceOrientationLandscapeLeft UIInterfaceOrientationLandscapeRight";
				LD_RUNPATH_SEARCH_PATHS = (
					"$(inherited)",
					"@executable_path/Frameworks",
				);
				MARKETING_VERSION = 1.0;
				PRODUCT_BUNDLE_IDENTIFIER = "com.github-umerdeveloper.ViewDidLoad-SwiftUI";
				PRODUCT_NAME = "$(TARGET_NAME)";
				SWIFT_EMIT_LOC_STRINGS = YES;
				SWIFT_VERSION = 5.0;
				TARGETED_DEVICE_FAMILY = "1,2";
			};
			name = Debug;
		};
		CB47B01929275D82001F2BA0 /* Release */ = {
			isa = XCBuildConfiguration;
			buildSettings = {
				ASSETCATALOG_COMPILER_APPICON_NAME = AppIcon;
				ASSETCATALOG_COMPILER_GLOBAL_ACCENT_COLOR_NAME = AccentColor;
				CODE_SIGN_STYLE = Automatic;
				CURRENT_PROJECT_VERSION = 1;
				DEVELOPMENT_ASSET_PATHS = "\"ViewDidLoad-SwiftUI/Preview Content\"";
				DEVELOPMENT_TEAM = Y3RYSU9BGS;
				ENABLE_PREVIEWS = YES;
				GENERATE_INFOPLIST_FILE = YES;
				INFOPLIST_KEY_UIApplicationSceneManifest_Generation = YES;
				INFOPLIST_KEY_UIApplicationSupportsIndirectInputEvents = YES;
				INFOPLIST_KEY_UILaunchScreen_Generation = YES;
				INFOPLIST_KEY_UISupportedInterfaceOrientations_iPad = "UIInterfaceOrientationPortrait UIInterfaceOrientationPortraitUpsideDown UIInterfaceOrientationLandscapeLeft UIInterfaceOrientationLandscapeRight";
				INFOPLIST_KEY_UISupportedInterfaceOrientations_iPhone = "UIInterfaceOrientationPortrait UIInterfaceOrientationLandscapeLeft UIInterfaceOrientationLandscapeRight";
				LD_RUNPATH_SEARCH_PATHS = (
					"$(inherited)",
					"@executable_path/Frameworks",
				);
				MARKETING_VERSION = 1.0;
				PRODUCT_BUNDLE_IDENTIFIER = "com.github-umerdeveloper.ViewDidLoad-SwiftUI";
				PRODUCT_NAME = "$(TARGET_NAME)";
				SWIFT_EMIT_LOC_STRINGS = YES;
				SWIFT_VERSION = 5.0;
				TARGETED_DEVICE_FAMILY = "1,2";
			};
			name = Release;
		};
		CB47B01B29275D82001F2BA0 /* Debug */ = {
			isa = XCBuildConfiguration;
			buildSettings = {
				ALWAYS_EMBED_SWIFT_STANDARD_LIBRARIES = YES;
				BUNDLE_LOADER = "$(TEST_HOST)";
				CODE_SIGN_STYLE = Automatic;
				CURRENT_PROJECT_VERSION = 1;
				DEVELOPMENT_TEAM = Y3RYSU9BGS;
				GENERATE_INFOPLIST_FILE = YES;
				IPHONEOS_DEPLOYMENT_TARGET = 16.1;
				MARKETING_VERSION = 1.0;
				PRODUCT_BUNDLE_IDENTIFIER = "com.github-umerdeveloper.ViewDidLoad-SwiftUITests";
				PRODUCT_NAME = "$(TARGET_NAME)";
				SWIFT_EMIT_LOC_STRINGS = NO;
				SWIFT_VERSION = 5.0;
				TARGETED_DEVICE_FAMILY = "1,2";
				TEST_HOST = "$(BUILT_PRODUCTS_DIR)/ViewDidLoad-SwiftUI.app/$(BUNDLE_EXECUTABLE_FOLDER_PATH)/ViewDidLoad-SwiftUI";
			};
			name = Debug;
		};
		CB47B01C29275D82001F2BA0 /* Release */ = {
			isa = XCBuildConfiguration;
			buildSettings = {
				ALWAYS_EMBED_SWIFT_STANDARD_LIBRARIES = YES;
				BUNDLE_LOADER = "$(TEST_HOST)";
				CODE_SIGN_STYLE = Automatic;
				CURRENT_PROJECT_VERSION = 1;
				DEVELOPMENT_TEAM = Y3RYSU9BGS;
				GENERATE_INFOPLIST_FILE = YES;
				IPHONEOS_DEPLOYMENT_TARGET = 16.1;
				MARKETING_VERSION = 1.0;
				PRODUCT_BUNDLE_IDENTIFIER = "com.github-umerdeveloper.ViewDidLoad-SwiftUITests";
				PRODUCT_NAME = "$(TARGET_NAME)";
				SWIFT_EMIT_LOC_STRINGS = NO;
				SWIFT_VERSION = 5.0;
				TARGETED_DEVICE_FAMILY = "1,2";
				TEST_HOST = "$(BUILT_PRODUCTS_DIR)/ViewDidLoad-SwiftUI.app/$(BUNDLE_EXECUTABLE_FOLDER_PATH)/ViewDidLoad-SwiftUI";
			};
			name = Release;
		};
		CB47B01E29275D82001F2BA0 /* Debug */ = {
			isa = XCBuildConfiguration;
			buildSettings = {
				ALWAYS_EMBED_SWIFT_STANDARD_LIBRARIES = YES;
				CODE_SIGN_STYLE = Automatic;
				CURRENT_PROJECT_VERSION = 1;
				DEVELOPMENT_TEAM = Y3RYSU9BGS;
				GENERATE_INFOPLIST_FILE = YES;
				MARKETING_VERSION = 1.0;
				PRODUCT_BUNDLE_IDENTIFIER = "com.github-umerdeveloper.ViewDidLoad-SwiftUIUITests";
				PRODUCT_NAME = "$(TARGET_NAME)";
				SWIFT_EMIT_LOC_STRINGS = NO;
				SWIFT_VERSION = 5.0;
				TARGETED_DEVICE_FAMILY = "1,2";
				TEST_TARGET_NAME = "ViewDidLoad-SwiftUI";
			};
			name = Debug;
		};
		CB47B01F29275D82001F2BA0 /* Release */ = {
			isa = XCBuildConfiguration;
			buildSettings = {
				ALWAYS_EMBED_SWIFT_STANDARD_LIBRARIES = YES;
				CODE_SIGN_STYLE = Automatic;
				CURRENT_PROJECT_VERSION = 1;
				DEVELOPMENT_TEAM = Y3RYSU9BGS;
				GENERATE_INFOPLIST_FILE = YES;
				MARKETING_VERSION = 1.0;
				PRODUCT_BUNDLE_IDENTIFIER = "com.github-umerdeveloper.ViewDidLoad-SwiftUIUITests";
				PRODUCT_NAME = "$(TARGET_NAME)";
				SWIFT_EMIT_LOC_STRINGS = NO;
				SWIFT_VERSION = 5.0;
				TARGETED_DEVICE_FAMILY = "1,2";
				TEST_TARGET_NAME = "ViewDidLoad-SwiftUI";
			};
			name = Release;
		};
/* End XCBuildConfiguration section */

/* Begin XCConfigurationList section */
		CB47AFEE29275D81001F2BA0 /* Build configuration list for PBXProject "ViewDidLoad-SwiftUI" */ = {
			isa = XCConfigurationList;
			buildConfigurations = (
				CB47B01529275D82001F2BA0 /* Debug */,
				CB47B01629275D82001F2BA0 /* Release */,
			);
			defaultConfigurationIsVisible = 0;
			defaultConfigurationName = Release;
		};
		CB47B01729275D82001F2BA0 /* Build configuration list for PBXNativeTarget "ViewDidLoad-SwiftUI" */ = {
			isa = XCConfigurationList;
			buildConfigurations = (
				CB47B01829275D82001F2BA0 /* Debug */,
				CB47B01929275D82001F2BA0 /* Release */,
			);
			defaultConfigurationIsVisible = 0;
			defaultConfigurationName = Release;
		};
		CB47B01A29275D82001F2BA0 /* Build configuration list for PBXNativeTarget "ViewDidLoad-SwiftUITests" */ = {
			isa = XCConfigurationList;
			buildConfigurations = (
				CB47B01B29275D82001F2BA0 /* Debug */,
				CB47B01C29275D82001F2BA0 /* Release */,
			);
			defaultConfigurationIsVisible = 0;
			defaultConfigurationName = Release;
		};
		CB47B01D29275D82001F2BA0 /* Build configuration list for PBXNativeTarget "ViewDidLoad-SwiftUIUITests" */ = {
			isa = XCConfigurationList;
			buildConfigurations = (
				CB47B01E29275D82001F2BA0 /* Debug */,
				CB47B01F29275D82001F2BA0 /* Release */,
			);
			defaultConfigurationIsVisible = 0;
			defaultConfigurationName = Release;
		};
/* End XCConfigurationList section */
	};
	rootObject = CB47AFEB29275D81001F2BA0 /* Project object */;
}
